Microsoft Visual Studio Solution File, Format Version 12.00
# Visual Studio 2012
Project("{FAE04EC0-301F-11D3-BF4B-00C04F79EFBC}") = "GameJam", "GameJam.csproj", "{F6E97F63-8025-458D-80CC-7E904EBE4A03}"
EndProject
Global
	GlobalSection(SolutionConfigurationPlatforms) = preSolution
	Debug|Any CPU = Debug|Any CPU
	ExportDebug|Any CPU = ExportDebug|Any CPU
	ExportRelease|Any CPU = ExportRelease|Any CPU
	EndGlobalSection
	GlobalSection(ProjectConfigurationPlatforms) = postSolution
		{F6E97F63-8025-458D-80CC-7E904EBE4A03}.Debug|Any CPU.ActiveCfg = Debug|Any CPU
		{F6E97F63-8025-458D-80CC-7E904EBE4A03}.Debug|Any CPU.Build.0 = Debug|Any CPU
		{F6E97F63-8025-458D-80CC-7E904EBE4A03}.ExportDebug|Any CPU.ActiveCfg = ExportDebug|Any CPU
		{F6E97F63-8025-458D-80CC-7E904EBE4A03}.ExportDebug|Any CPU.Build.0 = ExportDebug|Any CPU
		{F6E97F63-8025-458D-80CC-7E904EBE4A03}.ExportRelease|Any CPU.ActiveCfg = ExportRelease|Any CPU
		{F6E97F63-8025-458D-80CC-7E904EBE4A03}.ExportRelease|Any CPU.Build.0 = ExportRelease|Any CPU
	EndGlobalSection
EndGlobal
